
Microsoft Visual Studio Solution File, Format Version 12.00
# Visual Studio Version 17
VisualStudioVersion = 17.9.34701.34
MinimumVisualStudioVersion = 10.0.40219.1
Project("{9A19103F-16F7-4668-BE54-9A1E7A4F7556}") = "OrderingService", "OrderingService\OrderingService.csproj", "{A71E6959-4DC9-469A-9907-95F099E5C629}"
EndProject
Project("{9A19103F-16F7-4668-BE54-9A1E7A4F7556}") = "InventoryService", "InventoryService\InventoryService.csproj", "{A63B540A-44DC-4061-A8B7-A346B6F34698}"
EndProject
Project("{9A19103F-16F7-4668-BE54-9A1E7A4F7556}") = "PaymentService", "PaymentService\PaymentService.csproj", "{C9E37BA2-70B7-4B37-911D-82457F336DC6}"
EndProject
Global
	GlobalSection(SolutionConfigurationPlatforms) = preSolution
		Debug|Any CPU = Debug|Any CPU
		Release|Any CPU = Release|Any CPU
	EndGlobalSection
	GlobalSection(ProjectConfigurationPlatforms) = postSolution
		{A71E6959-4DC9-469A-9907-95F099E5C629}.Debug|Any CPU.ActiveCfg = Debug|Any CPU
		{A71E6959-4DC9-469A-9907-95F099E5C629}.Debug|Any CPU.Build.0 = Debug|Any CPU
		{A71E6959-4DC9-469A-9907-95F099E5C629}.Release|Any CPU.ActiveCfg = Release|Any CPU
		{A71E6959-4DC9-469A-9907-95F099E5C629}.Release|Any CPU.Build.0 = Release|Any CPU
		{A63B540A-44DC-4061-A8B7-A346B6F34698}.Debug|Any CPU.ActiveCfg = Debug|Any CPU
		{A63B540A-44DC-4061-A8B7-A346B6F34698}.Debug|Any CPU.Build.0 = Debug|Any CPU
		{A63B540A-44DC-4061-A8B7-A346B6F34698}.Release|Any CPU.ActiveCfg = Release|Any CPU
		{A63B540A-44DC-4061-A8B7-A346B6F34698}.Release|Any CPU.Build.0 = Release|Any CPU
		{C9E37BA2-70B7-4B37-911D-82457F336DC6}.Debug|Any CPU.ActiveCfg = Debug|Any CPU
		{C9E37BA2-70B7-4B37-911D-82457F336DC6}.Debug|Any CPU.Build.0 = Debug|Any CPU
		{C9E37BA2-70B7-4B37-911D-82457F336DC6}.Release|Any CPU.ActiveCfg = Release|Any CPU
		{C9E37BA2-70B7-4B37-911D-82457F336DC6}.Release|Any CPU.Build.0 = Release|Any CPU
	EndGlobalSection
	GlobalSection(SolutionProperties) = preSolution
		HideSolutionNode = FALSE
	EndGlobalSection
	GlobalSection(ExtensibilityGlobals) = postSolution
		SolutionGuid = {216D367E-6565-4DD4-8BFB-EDF90E32DE34}
	EndGlobalSection
EndGlobal
